
Microsoft Visual Studio Solution File, Format Version 12.00
# Visual Studio 15
VisualStudioVersion = 15.0.27703.2026
MinimumVisualStudioVersion = 10.0.40219.1
Project("{9A19103F-16F7-4668-BE54-9A1E7A4F7556}") = "MyServer.Web", "MyServer.Web\MyServer.Web.csproj", "{43DBF9AD-4F23-462B-8875-CDAFC12CCEFE}"
EndProject
Project("{2150E333-8FDC-42A3-9474-1A3956D46DE8}") = "Services", "Services", "{ABA9E64E-9C35-4849-BB62-76E4D6BBF614}"
EndProject
Project("{2150E333-8FDC-42A3-9474-1A3956D46DE8}") = "Common", "Common", "{1D57B891-F9B1-4DDE-87C7-B86C5DFF7BF0}"
EndProject
Project("{2150E333-8FDC-42A3-9474-1A3956D46DE8}") = "Components", "Components", "{2234AA19-50EC-4927-8683-EDDF16003C30}"
EndProject
Project("{2150E333-8FDC-42A3-9474-1A3956D46DE8}") = "Data", "Data", "{8016CCBC-117D-426F-9350-16CA4C9D1703}"
EndProject
Project("{9A19103F-16F7-4668-BE54-9A1E7A4F7556}") = "MyServer.Common", "Common\MyServer.Common\MyServer.Common.csproj", "{30D3A0B7-5666-4DE9-BEDA-7954F91E0345}"
EndProject
Project("{9A19103F-16F7-4668-BE54-9A1E7A4F7556}") = "MyServer.Common.ImageGallery", "Common\MyServer.Common.ImageGallery\MyServer.Common.ImageGallery.csproj", "{AC05FEC8-DCE3-401E-BA9B-E93318C1E255}"
EndProject
Project("{9A19103F-16F7-4668-BE54-9A1E7A4F7556}") = "MyServer.Data.Common", "Data\MyServer.Data.Common\MyServer.Data.Common.csproj", "{9FCF7EB5-9F21-4200-813B-4D2699018D14}"
EndProject
Project("{9A19103F-16F7-4668-BE54-9A1E7A4F7556}") = "MyServer.Data.Models", "Data\MyServer.Data.Models\MyServer.Data.Models.csproj", "{1EAF02D0-3BB2-4DA0-A7BC-23997ED00144}"
EndProject
Project("{9A19103F-16F7-4668-BE54-9A1E7A4F7556}") = "MyServer.ViewComponents.Common", "Components\MyServer.ViewComponents.Common\MyServer.ViewComponents.Common.csproj", "{3C786053-EA87-4124-8E55-CE559547514F}"
EndProject
Project("{9A19103F-16F7-4668-BE54-9A1E7A4F7556}") = "MyServer.ViewComponents.ImageGallery", "Components\MyServer.ViewComponents.ImageGallery\MyServer.ViewComponents.ImageGallery.csproj", "{BB05AEB2-50F8-48C9-ADAA-7663174F7C18}"
EndProject
Project("{9A19103F-16F7-4668-BE54-9A1E7A4F7556}") = "MyServer.Services.Content", "Services\MyServer.Services.Content\MyServer.Services.Content.csproj", "{6FFC0238-BF1F-41E7-8901-00FB1F58916E}"
EndProject
Project("{9A19103F-16F7-4668-BE54-9A1E7A4F7556}") = "MyServer.Services.ImageGallery", "Services\MyServer.Services.ImageGallery\MyServer.Services.ImageGallery.csproj", "{DFACD13D-969C-448F-801A-CACE70921BC3}"
EndProject
Project("{9A19103F-16F7-4668-BE54-9A1E7A4F7556}") = "MyServer.Services.Mappings", "Services\MyServer.Services.Mappings\MyServer.Services.Mappings.csproj", "{A561FA11-2388-405F-BAC1-6F536BB60523}"
EndProject
Project("{9A19103F-16F7-4668-BE54-9A1E7A4F7556}") = "MyServer.Services.SmartHome", "Services\MyServer.Services.SmartHome\MyServer.Services.SmartHome.csproj", "{CCA7705C-66A3-4EEC-A667-4E80CCC325AC}"
EndProject
Project("{9A19103F-16F7-4668-BE54-9A1E7A4F7556}") = "MyServer.Services.Users", "Services\MyServer.Services.Users\MyServer.Services.Users.csproj", "{A319AEDE-11C0-42E2-9A60-584972737659}"
EndProject
Global
	GlobalSection(SolutionConfigurationPlatforms) = preSolution
		Debug|Any CPU = Debug|Any CPU
		Release|Any CPU = Release|Any CPU
	EndGlobalSection
	GlobalSection(ProjectConfigurationPlatforms) = postSolution
		{43DBF9AD-4F23-462B-8875-CDAFC12CCEFE}.Debug|Any CPU.ActiveCfg = Debug|Any CPU
		{43DBF9AD-4F23-462B-8875-CDAFC12CCEFE}.Debug|Any CPU.Build.0 = Debug|Any CPU
		{43DBF9AD-4F23-462B-8875-CDAFC12CCEFE}.Release|Any CPU.ActiveCfg = Release|Any CPU
		{43DBF9AD-4F23-462B-8875-CDAFC12CCEFE}.Release|Any CPU.Build.0 = Release|Any CPU
		{30D3A0B7-5666-4DE9-BEDA-7954F91E0345}.Debug|Any CPU.ActiveCfg = Debug|Any CPU
		{30D3A0B7-5666-4DE9-BEDA-7954F91E0345}.Debug|Any CPU.Build.0 = Debug|Any CPU
		{30D3A0B7-5666-4DE9-BEDA-7954F91E0345}.Release|Any CPU.ActiveCfg = Release|Any CPU
		{30D3A0B7-5666-4DE9-BEDA-7954F91E0345}.Release|Any CPU.Build.0 = Release|Any CPU
		{AC05FEC8-DCE3-401E-BA9B-E93318C1E255}.Debug|Any CPU.ActiveCfg = Debug|Any CPU
		{AC05FEC8-DCE3-401E-BA9B-E93318C1E255}.Debug|Any CPU.Build.0 = Debug|Any CPU
		{AC05FEC8-DCE3-401E-BA9B-E93318C1E255}.Release|Any CPU.ActiveCfg = Release|Any CPU
		{AC05FEC8-DCE3-401E-BA9B-E93318C1E255}.Release|Any CPU.Build.0 = Release|Any CPU
		{9FCF7EB5-9F21-4200-813B-4D2699018D14}.Debug|Any CPU.ActiveCfg = Debug|Any CPU
		{9FCF7EB5-9F21-4200-813B-4D2699018D14}.Debug|Any CPU.Build.0 = Debug|Any CPU
		{9FCF7EB5-9F21-4200-813B-4D2699018D14}.Release|Any CPU.ActiveCfg = Release|Any CPU
		{9FCF7EB5-9F21-4200-813B-4D2699018D14}.Release|Any CPU.Build.0 = Release|Any CPU
		{1EAF02D0-3BB2-4DA0-A7BC-23997ED00144}.Debug|Any CPU.ActiveCfg = Debug|Any CPU
		{1EAF02D0-3BB2-4DA0-A7BC-23997ED00144}.Debug|Any CPU.Build.0 = Debug|Any CPU
		{1EAF02D0-3BB2-4DA0-A7BC-23997ED00144}.Release|Any CPU.ActiveCfg = Release|Any CPU
		{1EAF02D0-3BB2-4DA0-A7BC-23997ED00144}.Release|Any CPU.Build.0 = Release|Any CPU
		{3C786053-EA87-4124-8E55-CE559547514F}.Debug|Any CPU.ActiveCfg = Debug|Any CPU
		{3C786053-EA87-4124-8E55-CE559547514F}.Debug|Any CPU.Build.0 = Debug|Any CPU
		{3C786053-EA87-4124-8E55-CE559547514F}.Release|Any CPU.ActiveCfg = Release|Any CPU
		{3C786053-EA87-4124-8E55-CE559547514F}.Release|Any CPU.Build.0 = Release|Any CPU
		{BB05AEB2-50F8-48C9-ADAA-7663174F7C18}.Debug|Any CPU.ActiveCfg = Debug|Any CPU
		{BB05AEB2-50F8-48C9-ADAA-7663174F7C18}.Debug|Any CPU.Build.0 = Debug|Any CPU
		{BB05AEB2-50F8-48C9-ADAA-7663174F7C18}.Release|Any CPU.ActiveCfg = Release|Any CPU
		{BB05AEB2-50F8-48C9-ADAA-7663174F7C18}.Release|Any CPU.Build.0 = Release|Any CPU
		{6FFC0238-BF1F-41E7-8901-00FB1F58916E}.Debug|Any CPU.ActiveCfg = Debug|Any CPU
		{6FFC0238-BF1F-41E7-8901-00FB1F58916E}.Debug|Any CPU.Build.0 = Debug|Any CPU
		{6FFC0238-BF1F-41E7-8901-00FB1F58916E}.Release|Any CPU.ActiveCfg = Release|Any CPU
		{6FFC0238-BF1F-41E7-8901-00FB1F58916E}.Release|Any CPU.Build.0 = Release|Any CPU
		{DFACD13D-969C-448F-801A-CACE70921BC3}.Debug|Any CPU.ActiveCfg = Debug|Any CPU
		{DFACD13D-969C-448F-801A-CACE70921BC3}.Debug|Any CPU.Build.0 = Debug|Any CPU
		{DFACD13D-969C-448F-801A-CACE70921BC3}.Release|Any CPU.ActiveCfg = Release|Any CPU
		{DFACD13D-969C-448F-801A-CACE70921BC3}.Release|Any CPU.Build.0 = Release|Any CPU
		{A561FA11-2388-405F-BAC1-6F536BB60523}.Debug|Any CPU.ActiveCfg = Debug|Any CPU
		{A561FA11-2388-405F-BAC1-6F536BB60523}.Debug|Any CPU.Build.0 = Debug|Any CPU
		{A561FA11-2388-405F-BAC1-6F536BB60523}.Release|Any CPU.ActiveCfg = Release|Any CPU
		{A561FA11-2388-405F-BAC1-6F536BB60523}.Release|Any CPU.Build.0 = Release|Any CPU
		{CCA7705C-66A3-4EEC-A667-4E80CCC325AC}.Debug|Any CPU.ActiveCfg = Debug|Any CPU
		{CCA7705C-66A3-4EEC-A667-4E80CCC325AC}.Debug|Any CPU.Build.0 = Debug|Any CPU
		{CCA7705C-66A3-4EEC-A667-4E80CCC325AC}.Release|Any CPU.ActiveCfg = Release|Any CPU
		{CCA7705C-66A3-4EEC-A667-4E80CCC325AC}.Release|Any CPU.Build.0 = Release|Any CPU
		{A319AEDE-11C0-42E2-9A60-584972737659}.Debug|Any CPU.ActiveCfg = Debug|Any CPU
		{A319AEDE-11C0-42E2-9A60-584972737659}.Debug|Any CPU.Build.0 = Debug|Any CPU
		{A319AEDE-11C0-42E2-9A60-584972737659}.Release|Any CPU.ActiveCfg = Release|Any CPU
		{A319AEDE-11C0-42E2-9A60-584972737659}.Release|Any CPU.Build.0 = Release|Any CPU
	EndGlobalSection
	GlobalSection(SolutionProperties) = preSolution
		HideSolutionNode = FALSE
	EndGlobalSection
	GlobalSection(NestedProjects) = preSolution
		{30D3A0B7-5666-4DE9-BEDA-7954F91E0345} = {1D57B891-F9B1-4DDE-87C7-B86C5DFF7BF0}
		{AC05FEC8-DCE3-401E-BA9B-E93318C1E255} = {1D57B891-F9B1-4DDE-87C7-B86C5DFF7BF0}
		{9FCF7EB5-9F21-4200-813B-4D2699018D14} = {8016CCBC-117D-426F-9350-16CA4C9D1703}
		{1EAF02D0-3BB2-4DA0-A7BC-23997ED00144} = {8016CCBC-117D-426F-9350-16CA4C9D1703}
		{3C786053-EA87-4124-8E55-CE559547514F} = {2234AA19-50EC-4927-8683-EDDF16003C30}
		{BB05AEB2-50F8-48C9-ADAA-7663174F7C18} = {2234AA19-50EC-4927-8683-EDDF16003C30}
		{6FFC0238-BF1F-41E7-8901-00FB1F58916E} = {ABA9E64E-9C35-4849-BB62-76E4D6BBF614}
		{DFACD13D-969C-448F-801A-CACE70921BC3} = {ABA9E64E-9C35-4849-BB62-76E4D6BBF614}
		{A561FA11-2388-405F-BAC1-6F536BB60523} = {ABA9E64E-9C35-4849-BB62-76E4D6BBF614}
		{CCA7705C-66A3-4EEC-A667-4E80CCC325AC} = {ABA9E64E-9C35-4849-BB62-76E4D6BBF614}
		{A319AEDE-11C0-42E2-9A60-584972737659} = {ABA9E64E-9C35-4849-BB62-76E4D6BBF614}
	EndGlobalSection
	GlobalSection(ExtensibilityGlobals) = postSolution
		SolutionGuid = {8672E1EF-DA69-46D1-95B4-B300AEC3C1BF}
	EndGlobalSection
EndGlobal
